PODS:
  - HumanKit (165.5-universal)

DEPENDENCIES:
  - HumanKit (= 165.5-universal)

SPEC REPOS:
  https://github.com/biodigital-inc/human-ios-sdk.git:
    - HumanKit

SPEC CHECKSUMS:
  HumanKit: 87615df8734853ab4cdde153a42b1ed8bd4d6f75

PODFILE CHECKSUM: c7c478bff7a30b27d373f3144d797149aa9f0104

COCOAPODS: 1.16.2
