PODS:
  - HumanKit (164.3-universal)

DEPENDENCIES:
  - HumanKit (= 164.3-universal)

SPEC REPOS:
  https://github.com/biodigital-inc/human-ios-sdk.git:
    - HumanKit

SPEC CHECKSUMS:
  HumanKit: 9cd379f8e042ffc5742e29a1e0f1bb94ad95a41f

PODFILE CHECKSUM: 6cf8aff532a9a93768827cb5f2748734b4504be9

COCOAPODS: 1.16.2
