// !$*UTF8*$!
{
	archiveVersion = 1;
	classes = {
	};
	objectVersion = 51;
	objects = {

/* Begin PBXBuildFile section */
		3DD72AF90C6BA89C575D58D5 /* Pods_objcapp.framework in Frameworks */ = {isa = PBXBuildFile; fileRef = E5DBB7BA97B165330E290B25 /* Pods_objcapp.framework */; };
		4E666D812084EFCF00BC0206 /* AppDelegate.m in Sources */ = {isa = PBXBuildFile; fileRef = 4E666D802084EFCF00BC0206 /* AppDelegate.m */; };
		4E666D842084EFCF00BC0206 /* ViewController.m in Sources */ = {isa = PBXBuildFile; fileRef = 4E666D832084EFCF00BC0206 /* ViewController.m */; };
		4E666D872084EFCF00BC0206 /* Main.storyboard in Resources */ = {isa = PBXBuildFile; fileRef = 4E666D852084EFCF00BC0206 /* Main.storyboard */; };
		4E666D892084EFDC00BC0206 /* Assets.xcassets in Resources */ = {isa = PBXBuildFile; fileRef = 4E666D882084EFDC00BC0206 /* Assets.xcassets */; };
		4E666D8C2084EFDC00BC0206 /* LaunchScreen.storyboard in Resources */ = {isa = PBXBuildFile; fileRef = 4E666D8A2084EFDC00BC0206 /* LaunchScreen.storyboard */; };
		4E666D8F2084EFDC00BC0206 /* main.m in Sources */ = {isa = PBXBuildFile; fileRef = 4E666D8E2084EFDC00BC0206 /* main.m */; };
/* End PBXBuildFile section */

/* Begin PBXCopyFilesBuildPhase section */
		4E666D982084F2DB00BC0206 /* Embed Frameworks */ = {
			isa = PBXCopyFilesBuildPhase;
			buildActionMask = 2147483647;
			dstPath = "";
			dstSubfolderSpec = 10;
			files = (
			);
			name = "Embed Frameworks";
			runOnlyForDeploymentPostprocessing = 0;
		};
/* End PBXCopyFilesBuildPhase section */

/* Begin PBXFileReference section */
		14C403E27FC6AE5F2DE4A21A /* Pods-objcapp.release.xcconfig */ = {isa = PBXFileReference; includeInIndex = 1; lastKnownFileType = text.xcconfig; name = "Pods-objcapp.release.xcconfig"; path = "Target Support Files/Pods-objcapp/Pods-objcapp.release.xcconfig"; sourceTree = "<group>"; };
		4E666D7C2084EFCF00BC0206 /* HumanObjCApp.app */ = {isa = PBXFileReference; explicitFileType = wrapper.application; includeInIndex = 0; path = HumanObjCApp.app; sourceTree = BUILT_PRODUCTS_DIR; };
		4E666D7F2084EFCF00BC0206 /* AppDelegate.h */ = {isa = PBXFileReference; lastKnownFileType = sourcecode.c.h; path = AppDelegate.h; sourceTree = "<group>"; };
		4E666D802084EFCF00BC0206 /* AppDelegate.m */ = {isa = PBXFileReference; lastKnownFileType = sourcecode.c.objc; path = AppDelegate.m; sourceTree = "<group>"; };
		4E666D822084EFCF00BC0206 /* ViewController.h */ = {isa = PBXFileReference; lastKnownFileType = sourcecode.c.h; path = ViewController.h; sourceTree = "<group>"; };
		4E666D832084EFCF00BC0206 /* ViewController.m */ = {isa = PBXFileReference; lastKnownFileType = sourcecode.c.objc; path = ViewController.m; sourceTree = "<group>"; };
		4E666D862084EFCF00BC0206 /* Base */ = {isa = PBXFileReference; lastKnownFileType = file.storyboard; name = Base; path = Base.lproj/Main.storyboard; sourceTree = "<group>"; };
		4E666D882084EFDC00BC0206 /* Assets.xcassets */ = {isa = PBXFileReference; lastKnownFileType = folder.assetcatalog; path = Assets.xcassets; sourceTree = "<group>"; };
		4E666D8B2084EFDC00BC0206 /* Base */ = {isa = PBXFileReference; lastKnownFileType = file.storyboard; name = Base; path = Base.lproj/LaunchScreen.storyboard; sourceTree = "<group>"; };
		4E666D8D2084EFDC00BC0206 /* Info.plist */ = {isa = PBXFileReference; lastKnownFileType = text.plist.xml; path = Info.plist; sourceTree = "<group>"; };
		4E666D8E2084EFDC00BC0206 /* main.m */ = {isa = PBXFileReference; lastKnownFileType = sourcecode.c.objc; path = main.m; sourceTree = "<group>"; };
		742AC6424DA3A3A7ADC7BEC7 /* Pods-objcapp.debug.xcconfig */ = {isa = PBXFileReference; includeInIndex = 1; lastKnownFileType = text.xcconfig; name = "Pods-objcapp.debug.xcconfig"; path = "Target Support Files/Pods-objcapp/Pods-objcapp.debug.xcconfig"; sourceTree = "<group>"; };
		E5DBB7BA97B165330E290B25 /* Pods_objcapp.framework */ = {isa = PBXFileReference; explicitFileType = wrapper.framework; includeInIndex = 0; path = Pods_objcapp.framework; sourceTree = BUILT_PRODUCTS_DIR; };
/* End PBXFileReference section */

/* Begin PBXFrameworksBuildPhase section */
		4E666D792084EFCF00BC0206 /* Frameworks */ = {
			isa = PBXFrameworksBuildPhase;
			buildActionMask = 2147483647;
			files = (
				3DD72AF90C6BA89C575D58D5 /* Pods_objcapp.framework in Frameworks */,
			);
			runOnlyForDeploymentPostprocessing = 0;
		};
/* End PBXFrameworksBuildPhase section */

/* Begin PBXGroup section */
		22E3C8B96618801E948841B4 /* Frameworks */ = {
			isa = PBXGroup;
			children = (
				E5DBB7BA97B165330E290B25 /* Pods_objcapp.framework */,
			);
			name = Frameworks;
			sourceTree = "<group>";
		};
		4E666D732084EFCF00BC0206 = {
			isa = PBXGroup;
			children = (
				4E666D7E2084EFCF00BC0206 /* HumanObjCApp */,
				4E666D7D2084EFCF00BC0206 /* Products */,
				EC376F695D8F98FDD560E73B /* Pods */,
				22E3C8B96618801E948841B4 /* Frameworks */,
			);
			sourceTree = "<group>";
		};
		4E666D7D2084EFCF00BC0206 /* Products */ = {
			isa = PBXGroup;
			children = (
				4E666D7C2084EFCF00BC0206 /* HumanObjCApp.app */,
			);
			name = Products;
			sourceTree = "<group>";
		};
		4E666D7E2084EFCF00BC0206 /* HumanObjCApp */ = {
			isa = PBXGroup;
			children = (
				4E666D7F2084EFCF00BC0206 /* AppDelegate.h */,
				4E666D802084EFCF00BC0206 /* AppDelegate.m */,
				4E666D822084EFCF00BC0206 /* ViewController.h */,
				4E666D832084EFCF00BC0206 /* ViewController.m */,
				4E666D852084EFCF00BC0206 /* Main.storyboard */,
				4E666D882084EFDC00BC0206 /* Assets.xcassets */,
				4E666D8A2084EFDC00BC0206 /* LaunchScreen.storyboard */,
				4E666D8D2084EFDC00BC0206 /* Info.plist */,
				4E666D8E2084EFDC00BC0206 /* main.m */,
			);
			path = HumanObjCApp;
			sourceTree = "<group>";
		};
		EC376F695D8F98FDD560E73B /* Pods */ = {
			isa = PBXGroup;
			children = (
				742AC6424DA3A3A7ADC7BEC7 /* Pods-objcapp.debug.xcconfig */,
				14C403E27FC6AE5F2DE4A21A /* Pods-objcapp.release.xcconfig */,
			);
			path = Pods;
			sourceTree = "<group>";
		};
/* End PBXGroup section */

/* Begin PBXNativeTarget section */
		4E666D7B2084EFCF00BC0206 /* HumanObjCApp */ = {
			isa = PBXNativeTarget;
			buildConfigurationList = 4E666D922084EFDC00BC0206 /* Build configuration list for PBXNativeTarget "HumanObjCApp" */;
			buildPhases = (
				BCC7C5F930667C075BA6AD5C /* [CP] Check Pods Manifest.lock */,
				4E666D782084EFCF00BC0206 /* Sources */,
				4E666D792084EFCF00BC0206 /* Frameworks */,
				4E666D7A2084EFCF00BC0206 /* Resources */,
				4E666D982084F2DB00BC0206 /* Embed Frameworks */,
				B8B0907F46AFBDE544B416EA /* [CP] Embed Pods Frameworks */,
			);
			buildRules = (
			);
			dependencies = (
			);
			name = HumanObjCApp;
			productName = objcapp;
			productReference = 4E666D7C2084EFCF00BC0206 /* HumanObjCApp.app */;
			productType = "com.apple.product-type.application";
		};
/* End PBXNativeTarget section */

/* Begin PBXProject section */
		4E666D742084EFCF00BC0206 /* Project object */ = {
			isa = PBXProject;
			attributes = {
				LastUpgradeCheck = 0930;
				ORGANIZATIONNAME = "BioDigital Inc";
				TargetAttributes = {
					4E666D7B2084EFCF00BC0206 = {
						CreatedOnToolsVersion = 9.3;
					};
				};
			};
			buildConfigurationList = 4E666D772084EFCF00BC0206 /* Build configuration list for PBXProject "HumanObjCApp" */;
			compatibilityVersion = "Xcode 9.3";
			developmentRegion = en;
			hasScannedForEncodings = 0;
			knownRegions = (
				en,
				Base,
			);
			mainGroup = 4E666D732084EFCF00BC0206;
			productRefGroup = 4E666D7D2084EFCF00BC0206 /* Products */;
			projectDirPath = "";
			projectRoot = "";
			targets = (
				4E666D7B2084EFCF00BC0206 /* HumanObjCApp */,
			);
		};
/* End PBXProject section */

/* Begin PBXResourcesBuildPhase section */
		4E666D7A2084EFCF00BC0206 /* Resources */ = {
			isa = PBXResourcesBuildPhase;
			buildActionMask = 2147483647;
			files = (
				4E666D8C2084EFDC00BC0206 /* LaunchScreen.storyboard in Resources */,
				4E666D892084EFDC00BC0206 /* Assets.xcassets in Resources */,
				4E666D872084EFCF00BC0206 /* Main.storyboard in Resources */,
			);
			runOnlyForDeploymentPostprocessing = 0;
		};
/* End PBXResourcesBuildPhase section */

/* Begin PBXShellScriptBuildPhase section */
		B8B0907F46AFBDE544B416EA /* [CP] Embed Pods Frameworks */ = {
			isa = PBXShellScriptBuildPhase;
			buildActionMask = 2147483647;
			files = (
			);
			inputFileListPaths = (
				"${PODS_ROOT}/Target Support Files/Pods-objcapp/Pods-objcapp-frameworks-${CONFIGURATION}-input-files.xcfilelist",
			);
			name = "[CP] Embed Pods Frameworks";
			outputFileListPaths = (
				"${PODS_ROOT}/Target Support Files/Pods-objcapp/Pods-objcapp-frameworks-${CONFIGURATION}-output-files.xcfilelist",
			);
			runOnlyForDeploymentPostprocessing = 0;
			shellPath = /bin/sh;
			shellScript = "\"${PODS_ROOT}/Target Support Files/Pods-objcapp/Pods-objcapp-frameworks.sh\"\n";
			showEnvVarsInLog = 0;
		};
		BCC7C5F930667C075BA6AD5C /* [CP] Check Pods Manifest.lock */ = {
			isa = PBXShellScriptBuildPhase;
			buildActionMask = 2147483647;
			files = (
			);
			inputFileListPaths = (
			);
			inputPaths = (
				"${PODS_PODFILE_DIR_PATH}/Podfile.lock",
				"${PODS_ROOT}/Manifest.lock",
			);
			name = "[CP] Check Pods Manifest.lock";
			outputFileListPaths = (
			);
			outputPaths = (
				"$(DERIVED_FILE_DIR)/Pods-objcapp-checkManifestLockResult.txt",
			);
			runOnlyForDeploymentPostprocessing = 0;
			shellPath = /bin/sh;
			shellScript = "diff \"${PODS_PODFILE_DIR_PATH}/Podfile.lock\" \"${PODS_ROOT}/Manifest.lock\" > /dev/null\nif [ $? != 0 ] ; then\n    # print error to STDERR\n    echo \"error: The sandbox is not in sync with the Podfile.lock. Run 'pod install' or update your CocoaPods installation.\" >&2\n    exit 1\nfi\n# This output is used by Xcode 'outputs' to avoid re-running this script phase.\necho \"SUCCESS\" > \"${SCRIPT_OUTPUT_FILE_0}\"\n";
			showEnvVarsInLog = 0;
		};
/* End PBXShellScriptBuildPhase section */

/* Begin PBXSourcesBuildPhase section */
		4E666D782084EFCF00BC0206 /* Sources */ = {
			isa = PBXSourcesBuildPhase;
			buildActionMask = 2147483647;
			files = (
				4E666D842084EFCF00BC0206 /* ViewController.m in Sources */,
				4E666D8F2084EFDC00BC0206 /* main.m in Sources */,
				4E666D812084EFCF00BC0206 /* AppDelegate.m in Sources */,
			);
			runOnlyForDeploymentPostprocessing = 0;
		};
/* End PBXSourcesBuildPhase section */

/* Begin PBXVariantGroup section */
		4E666D852084EFCF00BC0206 /* Main.storyboard */ = {
			isa = PBXVariantGroup;
			children = (
				4E666D862084EFCF00BC0206 /* Base */,
			);
			name = Main.storyboard;
			sourceTree = "<group>";
		};
		4E666D8A2084EFDC00BC0206 /* LaunchScreen.storyboard */ = {
			isa = PBXVariantGroup;
			children = (
				4E666D8B2084EFDC00BC0206 /* Base */,
			);
			name = LaunchScreen.storyboard;
			sourceTree = "<group>";
		};
/* End PBXVariantGroup section */

/* Begin XCBuildConfiguration section */
		4E666D902084EFDC00BC0206 /* Debug */ = {
			isa = XCBuildConfiguration;
			buildSettings = {
				ALWAYS_SEARCH_USER_PATHS = NO;
				CLANG_ANALYZER_NONNULL = YES;
				CLANG_ANALYZER_NUMBER_OBJECT_CONVERSION = YES_AGGRESSIVE;
				CLANG_CXX_LANGUAGE_STANDARD = "gnu++14";
				CLANG_CXX_LIBRARY = "libc++";
				CLANG_ENABLE_MODULES = YES;
				CLANG_ENABLE_OBJC_ARC = YES;
				CLANG_ENABLE_OBJC_WEAK = YES;
				CLANG_WARN_BLOCK_CAPTURE_AUTORELEASING = YES;
				CLANG_WARN_BOOL_CONVERSION = YES;
				CLANG_WARN_COMMA = YES;
				CLANG_WARN_CONSTANT_CONVERSION = YES;
				CLANG_WARN_DEPRECATED_OBJC_IMPLEMENTATIONS = YES;
				CLANG_WARN_DIRECT_OBJC_ISA_USAGE = YES_ERROR;
				CLANG_WARN_DOCUMENTATION_COMMENTS = YES;
				CLANG_WARN_EMPTY_BODY = YES;
				CLANG_WARN_ENUM_CONVERSION = YES;
				CLANG_WARN_INFINITE_RECURSION = YES;
				CLANG_WARN_INT_CONVERSION = YES;
				CLANG_WARN_NON_LITERAL_NULL_CONVERSION = YES;
				CLANG_WARN_OBJC_IMPLICIT_RETAIN_SELF = YES;
				CLANG_WARN_OBJC_LITERAL_CONVERSION = YES;
				CLANG_WARN_OBJC_ROOT_CLASS = YES_ERROR;
				CLANG_WARN_RANGE_LOOP_ANALYSIS = YES;
				CLANG_WARN_STRICT_PROTOTYPES = YES;
				CLANG_WARN_SUSPICIOUS_MOVE = YES;
				CLANG_WARN_UNGUARDED_AVAILABILITY = YES_AGGRESSIVE;
				CLANG_WARN_UNREACHABLE_CODE = YES;
				CLANG_WARN__DUPLICATE_METHOD_MATCH = YES;
				CODE_SIGN_IDENTITY = "iPhone Developer";
				COPY_PHASE_STRIP = NO;
				DEBUG_INFORMATION_FORMAT = dwarf;
				ENABLE_STRICT_OBJC_MSGSEND = YES;
				ENABLE_TESTABILITY = YES;
				GCC_C_LANGUAGE_STANDARD = gnu11;
				GCC_DYNAMIC_NO_PIC = NO;
				GCC_NO_COMMON_BLOCKS = YES;
				GCC_OPTIMIZATION_LEVEL = 0;
				GCC_PREPROCESSOR_DEFINITIONS = (
					"DEBUG=1",
					"$(inherited)",
				);
				GCC_WARN_64_TO_32_BIT_CONVERSION = YES;
				GCC_WARN_ABOUT_RETURN_TYPE = YES_ERROR;
				GCC_WARN_UNDECLARED_SELECTOR = YES;
				GCC_WARN_UNINITIALIZED_AUTOS = YES_AGGRESSIVE;
				GCC_WARN_UNUSED_FUNCTION = YES;
				GCC_WARN_UNUSED_VARIABLE = YES;
				IPHONEOS_DEPLOYMENT_TARGET = 11.3;
				MTL_ENABLE_DEBUG_INFO = YES;
				ONLY_ACTIVE_ARCH = YES;
				SDKROOT = iphoneos;
			};
			name = Debug;
		};
		4E666D912084EFDC00BC0206 /* Release */ = {
			isa = XCBuildConfiguration;
			buildSettings = {
				ALWAYS_SEARCH_USER_PATHS = NO;
				CLANG_ANALYZER_NONNULL = YES;
				CLANG_ANALYZER_NUMBER_OBJECT_CONVERSION = YES_AGGRESSIVE;
				CLANG_CXX_LANGUAGE_STANDARD = "gnu++14";
				CLANG_CXX_LIBRARY = "libc++";
				CLANG_ENABLE_MODULES = YES;
				CLANG_ENABLE_OBJC_ARC = YES;
				CLANG_ENABLE_OBJC_WEAK = YES;
				CLANG_WARN_BLOCK_CAPTURE_AUTORELEASING = YES;
				CLANG_WARN_BOOL_CONVERSION = YES;
				CLANG_WARN_COMMA = YES;
				CLANG_WARN_CONSTANT_CONVERSION = YES;
				CLANG_WARN_DEPRECATED_OBJC_IMPLEMENTATIONS = YES;
				CLANG_WARN_DIRECT_OBJC_ISA_USAGE = YES_ERROR;
				CLANG_WARN_DOCUMENTATION_COMMENTS = YES;
				CLANG_WARN_EMPTY_BODY = YES;
				CLANG_WARN_ENUM_CONVERSION = YES;
				CLANG_WARN_INFINITE_RECURSION = YES;
				CLANG_WARN_INT_CONVERSION = YES;
				CLANG_WARN_NON_LITERAL_NULL_CONVERSION = YES;
				CLANG_WARN_OBJC_IMPLICIT_RETAIN_SELF = YES;
				CLANG_WARN_OBJC_LITERAL_CONVERSION = YES;
				CLANG_WARN_OBJC_ROOT_CLASS = YES_ERROR;
				CLANG_WARN_RANGE_LOOP_ANALYSIS = YES;
				CLANG_WARN_STRICT_PROTOTYPES = YES;
				CLANG_WARN_SUSPICIOUS_MOVE = YES;
				CLANG_WARN_UNGUARDED_AVAILABILITY = YES_AGGRESSIVE;
				CLANG_WARN_UNREACHABLE_CODE = YES;
				CLANG_WARN__DUPLICATE_METHOD_MATCH = YES;
				CODE_SIGN_IDENTITY = "iPhone Developer";
				COPY_PHASE_STRIP = NO;
				DEBUG_INFORMATION_FORMAT = "dwarf-with-dsym";
				ENABLE_NS_ASSERTIONS = NO;
				ENABLE_STRICT_OBJC_MSGSEND = YES;
				GCC_C_LANGUAGE_STANDARD = gnu11;
				GCC_NO_COMMON_BLOCKS = YES;
				GCC_WARN_64_TO_32_BIT_CONVERSION = YES;
				GCC_WARN_ABOUT_RETURN_TYPE = YES_ERROR;
				GCC_WARN_UNDECLARED_SELECTOR = YES;
				GCC_WARN_UNINITIALIZED_AUTOS = YES_AGGRESSIVE;
				GCC_WARN_UNUSED_FUNCTION = YES;
				GCC_WARN_UNUSED_VARIABLE = YES;
				IPHONEOS_DEPLOYMENT_TARGET = 11.3;
				MTL_ENABLE_DEBUG_INFO = NO;
				SDKROOT = iphoneos;
				VALIDATE_PRODUCT = YES;
			};
			name = Release;
		};
		4E666D932084EFDC00BC0206 /* Debug */ = {
			isa = XCBuildConfiguration;
			baseConfigurationReference = 742AC6424DA3A3A7ADC7BEC7 /* Pods-objcapp.debug.xcconfig */;
			buildSettings = {
				ALWAYS_EMBED_SWIFT_STANDARD_LIBRARIES = YES;
				ASSETCATALOG_COMPILER_APPICON_NAME = AppIcon;
				CODE_SIGN_STYLE = Automatic;
				DEVELOPMENT_TEAM = X4L8VADZWX;
				FRAMEWORK_SEARCH_PATHS = (
					"$(inherited)",
					"$(PROJECT_DIR)",
				);
				INFOPLIST_FILE = HumanObjCApp/Info.plist;
				LD_RUNPATH_SEARCH_PATHS = (
					"$(inherited)",
					"@executable_path/Frameworks",
				);
				PRODUCT_BUNDLE_IDENTIFIER = com.biodigital.objcapp;
				PRODUCT_NAME = "$(TARGET_NAME)";
				TARGETED_DEVICE_FAMILY = "1,2";
			};
			name = Debug;
		};
		4E666D942084EFDC00BC0206 /* Release */ = {
			isa = XCBuildConfiguration;
			baseConfigurationReference = 14C403E27FC6AE5F2DE4A21A /* Pods-objcapp.release.xcconfig */;
			buildSettings = {
				ALWAYS_EMBED_SWIFT_STANDARD_LIBRARIES = YES;
				ASSETCATALOG_COMPILER_APPICON_NAME = AppIcon;
				CODE_SIGN_STYLE = Automatic;
				DEVELOPMENT_TEAM = X4L8VADZWX;
				FRAMEWORK_SEARCH_PATHS = (
					"$(inherited)",
					"$(PROJECT_DIR)",
				);
				INFOPLIST_FILE = HumanObjCApp/Info.plist;
				LD_RUNPATH_SEARCH_PATHS = (
					"$(inherited)",
					"@executable_path/Frameworks",
				);
				PRODUCT_BUNDLE_IDENTIFIER = com.biodigital.objcapp;
				PRODUCT_NAME = "$(TARGET_NAME)";
				TARGETED_DEVICE_FAMILY = "1,2";
			};
			name = Release;
		};
/* End XCBuildConfiguration section */

/* Begin XCConfigurationList section */
		4E666D772084EFCF00BC0206 /* Build configuration list for PBXProject "HumanObjCApp" */ = {
			isa = XCConfigurationList;
			buildConfigurations = (
				4E666D902084EFDC00BC0206 /* Debug */,
				4E666D912084EFDC00BC0206 /* Release */,
			);
			defaultConfigurationIsVisible = 0;
			defaultConfigurationName = Release;
		};
		4E666D922084EFDC00BC0206 /* Build configuration list for PBXNativeTarget "HumanObjCApp" */ = {
			isa = XCConfigurationList;
			buildConfigurations = (
				4E666D932084EFDC00BC0206 /* Debug */,
				4E666D942084EFDC00BC0206 /* Release */,
			);
			defaultConfigurationIsVisible = 0;
			defaultConfigurationName = Release;
		};
/* End XCConfigurationList section */
	};
	rootObject = 4E666D742084EFCF00BC0206 /* Project object */;
}
