PODS:
  - HumanKit (2.1.0-universal)

DEPENDENCIES:
  - HumanKit (= 2.1.0-universal)

SPEC REPOS:
  https://github.com/biodigital-inc/human-ios-sdk.git:
    - HumanKit

SPEC CHECKSUMS:
  HumanKit: 58d31a2c547d782098e2e1feb4a056b58f0758a2

PODFILE CHECKSUM: eaf727e4c09c6ed7b80138958b9bd59a28fc0eb8

COCOAPODS: 1.10.1
