PODS:
  - HumanKit (165.5-universal)

DEPENDENCIES:
  - HumanKit (= 165.5-universal)

SPEC REPOS:
  https://github.com/biodigital-inc/human-ios-sdk.git:
    - HumanKit

SPEC CHECKSUMS:
  HumanKit: 87615df8734853ab4cdde153a42b1ed8bd4d6f75

PODFILE CHECKSUM: 7cf3d3f18d9bd391bab0d3bf76f6acde99db8a23

COCOAPODS: 1.16.2
